
Microsoft Visual Studio Solution File, Format Version 12.00
# Visual Studio 15
VisualStudioVersion = 15.0.27130.2036
MinimumVisualStudioVersion = 10.0.40219.1
Project("{2150E333-8FDC-42A3-9474-1A3956D46DE8}") = "1 - Presentation", "1 - Presentation", "{CCCF6B89-EBCB-49AE-A655-F59AED00D0C6}"
EndProject
Project("{2150E333-8FDC-42A3-9474-1A3956D46DE8}") = "3 - Domain", "3 - Domain", "{3BE54B30-A60A-4F44-8D96-F7489C48E263}"
EndProject
Project("{2150E333-8FDC-42A3-9474-1A3956D46DE8}") = "4 - Infra", "4 - Infra", "{D0982B1A-57E9-4DFF-A419-238A12E1C235}"
EndProject
Project("{2150E333-8FDC-42A3-9474-1A3956D46DE8}") = "CrossCutting", "CrossCutting", "{94841F14-43DA-457D-8B49-1D6B609FC5E1}"
EndProject
Project("{FAE04EC0-301F-11D3-BF4B-00C04F79EFBC}") = "ImagemSimplesWeb.Infra.CrossCutting.Connections", "ImagemSimplesWeb.Infra.CrossCutting.Connections\ImagemSimplesWeb.Infra.CrossCutting.Connections.csproj", "{066B6C94-680A-457F-9A5B-D43BA12CCD8C}"
EndProject
Project("{FAE04EC0-301F-11D3-BF4B-00C04F79EFBC}") = "ImagemSimplesWeb.Infra.CrossCutting.IoC", "ImagemSimplesWeb.Infra.CrossCutting.IoC\ImagemSimplesWeb.Infra.CrossCutting.IoC.csproj", "{BF0F7279-C67A-4C18-88B3-20EE49C6424E}"
EndProject
Project("{FAE04EC0-301F-11D3-BF4B-00C04F79EFBC}") = "ImagemSimplesWeb.Infra.CrossCutting.Services", "ImagemSimplesWeb.Infra.CrossCutting.Services\ImagemSimplesWeb.Infra.CrossCutting.Services.csproj", "{36A359B7-D465-42C5-8DDD-ED9B321B00ED}"
EndProject
Project("{FAE04EC0-301F-11D3-BF4B-00C04F79EFBC}") = "ImagemSimplesWeb.EventStore.DataSql", "ImagemSimplesWeb.EventStore.DataSql\ImagemSimplesWeb.EventStore.DataSql.csproj", "{ECD3E9E3-163F-481D-99C2-312523D50146}"
EndProject
Project("{2150E333-8FDC-42A3-9474-1A3956D46DE8}") = "2 - Application", "2 - Application", "{67F90D05-AB30-4DE6-9D18-613187F32A2C}"
EndProject
Project("{2150E333-8FDC-42A3-9474-1A3956D46DE8}") = "Documento", "Documento", "{5AED287D-6618-421D-AE85-95EF88CFFA8B}"
EndProject
Project("{FAE04EC0-301F-11D3-BF4B-00C04F79EFBC}") = "ImagemSimplesWeb.Application", "ImagemSimplesWeb.Application\ImagemSimplesWeb.Application.csproj", "{81A111FB-55F1-4A2F-AFE2-F4A30FC71A70}"
EndProject
Project("{FAE04EC0-301F-11D3-BF4B-00C04F79EFBC}") = "ImagemSimplesWeb.Documento.Domain", "ImagemSimplesWeb.Documento.Domain\ImagemSimplesWeb.Documento.Domain.csproj", "{2F7C35E2-4172-4414-AC8E-B75F32A3B8FE}"
EndProject
Project("{FAE04EC0-301F-11D3-BF4B-00C04F79EFBC}") = "ImagemSimplesWeb.Documento.Infra.Data", "ImagemSimplesWeb.Documento.Infra.Data\ImagemSimplesWeb.Documento.Infra.Data.csproj", "{3D67704C-BB44-4772-9CA5-64038F9B4D05}"
EndProject
Project("{FAE04EC0-301F-11D3-BF4B-00C04F79EFBC}") = "ImagemSimplesWeb.Documento.Domain.Tests", "ImagemSimplesWeb.Documento.Domain.Tests\ImagemSimplesWeb.Documento.Domain.Tests.csproj", "{883BADDB-027D-4D97-BD1F-76DD76B6EC74}"
EndProject
Project("{FAE04EC0-301F-11D3-BF4B-00C04F79EFBC}") = "ImagemSimplesWeb.Application.Tests", "ImagemSimplesWeb.Application.Tests\ImagemSimplesWeb.Application.Tests.csproj", "{D67ADE93-D3F8-4E7C-9746-BDAF3A44AF1E}"
EndProject
Project("{2150E333-8FDC-42A3-9474-1A3956D46DE8}") = "Core", "Core", "{66D7862A-2FFE-45A0-9AAE-CE965EF7AF12}"
EndProject
Project("{FAE04EC0-301F-11D3-BF4B-00C04F79EFBC}") = "ImagemSimplesWeb.Core.Domain", "ImagemSimplesWeb.Core.Domain\ImagemSimplesWeb.Core.Domain.csproj", "{389C27D8-F803-4DDE-A173-0AE0614519A6}"
EndProject
Project("{FAE04EC0-301F-11D3-BF4B-00C04F79EFBC}") = "ImagemSimplesWeb.Core.Infra.Data", "ImagemSimplesWeb.Core.Infra.Data\ImagemSimplesWeb.Core.Infra.Data.csproj", "{778D4274-9AFE-4458-B639-65414924A05B}"
EndProject
Project("{FAE04EC0-301F-11D3-BF4B-00C04F79EFBC}") = "ImagemSimplesWeb.Core.Domain.Tests", "ImagemSimplesWeb.Core.Domain.Tests\ImagemSimplesWeb.Core.Domain.Tests.csproj", "{FE56B59F-F90B-4C2F-AC0C-5A727D191AA2}"
EndProject
Project("{FAE04EC0-301F-11D3-BF4B-00C04F79EFBC}") = "ImagemSimplesWeb", "ImagemSimplesWeb\ImagemSimplesWeb.csproj", "{D473AEC0-4136-4838-984F-946B589331CA}"
EndProject
Global
	GlobalSection(SolutionConfigurationPlatforms) = preSolution
		Debug|Any CPU = Debug|Any CPU
		Debug|ARM = Debug|ARM
		Debug|x64 = Debug|x64
		Debug|x86 = Debug|x86
		Release|Any CPU = Release|Any CPU
		Release|ARM = Release|ARM
		Release|x64 = Release|x64
		Release|x86 = Release|x86
	EndGlobalSection
	GlobalSection(ProjectConfigurationPlatforms) = postSolution
		{066B6C94-680A-457F-9A5B-D43BA12CCD8C}.Debug|Any CPU.ActiveCfg = Debug|Any CPU
		{066B6C94-680A-457F-9A5B-D43BA12CCD8C}.Debug|Any CPU.Build.0 = Debug|Any CPU
		{066B6C94-680A-457F-9A5B-D43BA12CCD8C}.Debug|ARM.ActiveCfg = Debug|Any CPU
		{066B6C94-680A-457F-9A5B-D43BA12CCD8C}.Debug|ARM.Build.0 = Debug|Any CPU
		{066B6C94-680A-457F-9A5B-D43BA12CCD8C}.Debug|x64.ActiveCfg = Debug|Any CPU
		{066B6C94-680A-457F-9A5B-D43BA12CCD8C}.Debug|x64.Build.0 = Debug|Any CPU
		{066B6C94-680A-457F-9A5B-D43BA12CCD8C}.Debug|x86.ActiveCfg = Debug|Any CPU
		{066B6C94-680A-457F-9A5B-D43BA12CCD8C}.Debug|x86.Build.0 = Debug|Any CPU
		{066B6C94-680A-457F-9A5B-D43BA12CCD8C}.Release|Any CPU.ActiveCfg = Release|Any CPU
		{066B6C94-680A-457F-9A5B-D43BA12CCD8C}.Release|Any CPU.Build.0 = Release|Any CPU
		{066B6C94-680A-457F-9A5B-D43BA12CCD8C}.Release|ARM.ActiveCfg = Release|Any CPU
		{066B6C94-680A-457F-9A5B-D43BA12CCD8C}.Release|ARM.Build.0 = Release|Any CPU
		{066B6C94-680A-457F-9A5B-D43BA12CCD8C}.Release|x64.ActiveCfg = Release|Any CPU
		{066B6C94-680A-457F-9A5B-D43BA12CCD8C}.Release|x64.Build.0 = Release|Any CPU
		{066B6C94-680A-457F-9A5B-D43BA12CCD8C}.Release|x86.ActiveCfg = Release|Any CPU
		{066B6C94-680A-457F-9A5B-D43BA12CCD8C}.Release|x86.Build.0 = Release|Any CPU
		{BF0F7279-C67A-4C18-88B3-20EE49C6424E}.Debug|Any CPU.ActiveCfg = Debug|Any CPU
		{BF0F7279-C67A-4C18-88B3-20EE49C6424E}.Debug|Any CPU.Build.0 = Debug|Any CPU
		{BF0F7279-C67A-4C18-88B3-20EE49C6424E}.Debug|ARM.ActiveCfg = Debug|Any CPU
		{BF0F7279-C67A-4C18-88B3-20EE49C6424E}.Debug|ARM.Build.0 = Debug|Any CPU
		{BF0F7279-C67A-4C18-88B3-20EE49C6424E}.Debug|x64.ActiveCfg = Debug|Any CPU
		{BF0F7279-C67A-4C18-88B3-20EE49C6424E}.Debug|x64.Build.0 = Debug|Any CPU
		{BF0F7279-C67A-4C18-88B3-20EE49C6424E}.Debug|x86.ActiveCfg = Debug|Any CPU
		{BF0F7279-C67A-4C18-88B3-20EE49C6424E}.Debug|x86.Build.0 = Debug|Any CPU
		{BF0F7279-C67A-4C18-88B3-20EE49C6424E}.Release|Any CPU.ActiveCfg = Release|Any CPU
		{BF0F7279-C67A-4C18-88B3-20EE49C6424E}.Release|Any CPU.Build.0 = Release|Any CPU
		{BF0F7279-C67A-4C18-88B3-20EE49C6424E}.Release|ARM.ActiveCfg = Release|Any CPU
		{BF0F7279-C67A-4C18-88B3-20EE49C6424E}.Release|ARM.Build.0 = Release|Any CPU
		{BF0F7279-C67A-4C18-88B3-20EE49C6424E}.Release|x64.ActiveCfg = Release|Any CPU
		{BF0F7279-C67A-4C18-88B3-20EE49C6424E}.Release|x64.Build.0 = Release|Any CPU
		{BF0F7279-C67A-4C18-88B3-20EE49C6424E}.Release|x86.ActiveCfg = Release|Any CPU
		{BF0F7279-C67A-4C18-88B3-20EE49C6424E}.Release|x86.Build.0 = Release|Any CPU
		{36A359B7-D465-42C5-8DDD-ED9B321B00ED}.Debug|Any CPU.ActiveCfg = Debug|Any CPU
		{36A359B7-D465-42C5-8DDD-ED9B321B00ED}.Debug|Any CPU.Build.0 = Debug|Any CPU
		{36A359B7-D465-42C5-8DDD-ED9B321B00ED}.Debug|ARM.ActiveCfg = Debug|Any CPU
		{36A359B7-D465-42C5-8DDD-ED9B321B00ED}.Debug|ARM.Build.0 = Debug|Any CPU
		{36A359B7-D465-42C5-8DDD-ED9B321B00ED}.Debug|x64.ActiveCfg = Debug|Any CPU
		{36A359B7-D465-42C5-8DDD-ED9B321B00ED}.Debug|x64.Build.0 = Debug|Any CPU
		{36A359B7-D465-42C5-8DDD-ED9B321B00ED}.Debug|x86.ActiveCfg = Debug|Any CPU
		{36A359B7-D465-42C5-8DDD-ED9B321B00ED}.Debug|x86.Build.0 = Debug|Any CPU
		{36A359B7-D465-42C5-8DDD-ED9B321B00ED}.Release|Any CPU.ActiveCfg = Release|Any CPU
		{36A359B7-D465-42C5-8DDD-ED9B321B00ED}.Release|Any CPU.Build.0 = Release|Any CPU
		{36A359B7-D465-42C5-8DDD-ED9B321B00ED}.Release|ARM.ActiveCfg = Release|Any CPU
		{36A359B7-D465-42C5-8DDD-ED9B321B00ED}.Release|ARM.Build.0 = Release|Any CPU
		{36A359B7-D465-42C5-8DDD-ED9B321B00ED}.Release|x64.ActiveCfg = Release|Any CPU
		{36A359B7-D465-42C5-8DDD-ED9B321B00ED}.Release|x64.Build.0 = Release|Any CPU
		{36A359B7-D465-42C5-8DDD-ED9B321B00ED}.Release|x86.ActiveCfg = Release|Any CPU
		{36A359B7-D465-42C5-8DDD-ED9B321B00ED}.Release|x86.Build.0 = Release|Any CPU
		{ECD3E9E3-163F-481D-99C2-312523D50146}.Debug|Any CPU.ActiveCfg = Debug|Any CPU
		{ECD3E9E3-163F-481D-99C2-312523D50146}.Debug|Any CPU.Build.0 = Debug|Any CPU
		{ECD3E9E3-163F-481D-99C2-312523D50146}.Debug|ARM.ActiveCfg = Debug|Any CPU
		{ECD3E9E3-163F-481D-99C2-312523D50146}.Debug|ARM.Build.0 = Debug|Any CPU
		{ECD3E9E3-163F-481D-99C2-312523D50146}.Debug|x64.ActiveCfg = Debug|Any CPU
		{ECD3E9E3-163F-481D-99C2-312523D50146}.Debug|x64.Build.0 = Debug|Any CPU
		{ECD3E9E3-163F-481D-99C2-312523D50146}.Debug|x86.ActiveCfg = Debug|Any CPU
		{ECD3E9E3-163F-481D-99C2-312523D50146}.Debug|x86.Build.0 = Debug|Any CPU
		{ECD3E9E3-163F-481D-99C2-312523D50146}.Release|Any CPU.ActiveCfg = Release|Any CPU
		{ECD3E9E3-163F-481D-99C2-312523D50146}.Release|Any CPU.Build.0 = Release|Any CPU
		{ECD3E9E3-163F-481D-99C2-312523D50146}.Release|ARM.ActiveCfg = Release|Any CPU
		{ECD3E9E3-163F-481D-99C2-312523D50146}.Release|ARM.Build.0 = Release|Any CPU
		{ECD3E9E3-163F-481D-99C2-312523D50146}.Release|x64.ActiveCfg = Release|Any CPU
		{ECD3E9E3-163F-481D-99C2-312523D50146}.Release|x64.Build.0 = Release|Any CPU
		{ECD3E9E3-163F-481D-99C2-312523D50146}.Release|x86.ActiveCfg = Release|Any CPU
		{ECD3E9E3-163F-481D-99C2-312523D50146}.Release|x86.Build.0 = Release|Any CPU
		{81A111FB-55F1-4A2F-AFE2-F4A30FC71A70}.Debug|Any CPU.ActiveCfg = Debug|Any CPU
		{81A111FB-55F1-4A2F-AFE2-F4A30FC71A70}.Debug|Any CPU.Build.0 = Debug|Any CPU
		{81A111FB-55F1-4A2F-AFE2-F4A30FC71A70}.Debug|ARM.ActiveCfg = Debug|Any CPU
		{81A111FB-55F1-4A2F-AFE2-F4A30FC71A70}.Debug|ARM.Build.0 = Debug|Any CPU
		{81A111FB-55F1-4A2F-AFE2-F4A30FC71A70}.Debug|x64.ActiveCfg = Debug|Any CPU
		{81A111FB-55F1-4A2F-AFE2-F4A30FC71A70}.Debug|x64.Build.0 = Debug|Any CPU
		{81A111FB-55F1-4A2F-AFE2-F4A30FC71A70}.Debug|x86.ActiveCfg = Debug|Any CPU
		{81A111FB-55F1-4A2F-AFE2-F4A30FC71A70}.Debug|x86.Build.0 = Debug|Any CPU
		{81A111FB-55F1-4A2F-AFE2-F4A30FC71A70}.Release|Any CPU.ActiveCfg = Release|Any CPU
		{81A111FB-55F1-4A2F-AFE2-F4A30FC71A70}.Release|Any CPU.Build.0 = Release|Any CPU
		{81A111FB-55F1-4A2F-AFE2-F4A30FC71A70}.Release|ARM.ActiveCfg = Release|Any CPU
		{81A111FB-55F1-4A2F-AFE2-F4A30FC71A70}.Release|ARM.Build.0 = Release|Any CPU
		{81A111FB-55F1-4A2F-AFE2-F4A30FC71A70}.Release|x64.ActiveCfg = Release|Any CPU
		{81A111FB-55F1-4A2F-AFE2-F4A30FC71A70}.Release|x64.Build.0 = Release|Any CPU
		{81A111FB-55F1-4A2F-AFE2-F4A30FC71A70}.Release|x86.ActiveCfg = Release|Any CPU
		{81A111FB-55F1-4A2F-AFE2-F4A30FC71A70}.Release|x86.Build.0 = Release|Any CPU
		{2F7C35E2-4172-4414-AC8E-B75F32A3B8FE}.Debug|Any CPU.ActiveCfg = Debug|Any CPU
		{2F7C35E2-4172-4414-AC8E-B75F32A3B8FE}.Debug|Any CPU.Build.0 = Debug|Any CPU
		{2F7C35E2-4172-4414-AC8E-B75F32A3B8FE}.Debug|ARM.ActiveCfg = Debug|Any CPU
		{2F7C35E2-4172-4414-AC8E-B75F32A3B8FE}.Debug|ARM.Build.0 = Debug|Any CPU
		{2F7C35E2-4172-4414-AC8E-B75F32A3B8FE}.Debug|x64.ActiveCfg = Debug|Any CPU
		{2F7C35E2-4172-4414-AC8E-B75F32A3B8FE}.Debug|x64.Build.0 = Debug|Any CPU
		{2F7C35E2-4172-4414-AC8E-B75F32A3B8FE}.Debug|x86.ActiveCfg = Debug|Any CPU
		{2F7C35E2-4172-4414-AC8E-B75F32A3B8FE}.Debug|x86.Build.0 = Debug|Any CPU
		{2F7C35E2-4172-4414-AC8E-B75F32A3B8FE}.Release|Any CPU.ActiveCfg = Release|Any CPU
		{2F7C35E2-4172-4414-AC8E-B75F32A3B8FE}.Release|Any CPU.Build.0 = Release|Any CPU
		{2F7C35E2-4172-4414-AC8E-B75F32A3B8FE}.Release|ARM.ActiveCfg = Release|Any CPU
		{2F7C35E2-4172-4414-AC8E-B75F32A3B8FE}.Release|ARM.Build.0 = Release|Any CPU
		{2F7C35E2-4172-4414-AC8E-B75F32A3B8FE}.Release|x64.ActiveCfg = Release|Any CPU
		{2F7C35E2-4172-4414-AC8E-B75F32A3B8FE}.Release|x64.Build.0 = Release|Any CPU
		{2F7C35E2-4172-4414-AC8E-B75F32A3B8FE}.Release|x86.ActiveCfg = Release|Any CPU
		{2F7C35E2-4172-4414-AC8E-B75F32A3B8FE}.Release|x86.Build.0 = Release|Any CPU
		{3D67704C-BB44-4772-9CA5-64038F9B4D05}.Debug|Any CPU.ActiveCfg = Debug|Any CPU
		{3D67704C-BB44-4772-9CA5-64038F9B4D05}.Debug|Any CPU.Build.0 = Debug|Any CPU
		{3D67704C-BB44-4772-9CA5-64038F9B4D05}.Debug|ARM.ActiveCfg = Debug|Any CPU
		{3D67704C-BB44-4772-9CA5-64038F9B4D05}.Debug|ARM.Build.0 = Debug|Any CPU
		{3D67704C-BB44-4772-9CA5-64038F9B4D05}.Debug|x64.ActiveCfg = Debug|Any CPU
		{3D67704C-BB44-4772-9CA5-64038F9B4D05}.Debug|x64.Build.0 = Debug|Any CPU
		{3D67704C-BB44-4772-9CA5-64038F9B4D05}.Debug|x86.ActiveCfg = Debug|Any CPU
		{3D67704C-BB44-4772-9CA5-64038F9B4D05}.Debug|x86.Build.0 = Debug|Any CPU
		{3D67704C-BB44-4772-9CA5-64038F9B4D05}.Release|Any CPU.ActiveCfg = Release|Any CPU
		{3D67704C-BB44-4772-9CA5-64038F9B4D05}.Release|Any CPU.Build.0 = Release|Any CPU
		{3D67704C-BB44-4772-9CA5-64038F9B4D05}.Release|ARM.ActiveCfg = Release|Any CPU
		{3D67704C-BB44-4772-9CA5-64038F9B4D05}.Release|ARM.Build.0 = Release|Any CPU
		{3D67704C-BB44-4772-9CA5-64038F9B4D05}.Release|x64.ActiveCfg = Release|Any CPU
		{3D67704C-BB44-4772-9CA5-64038F9B4D05}.Release|x64.Build.0 = Release|Any CPU
		{3D67704C-BB44-4772-9CA5-64038F9B4D05}.Release|x86.ActiveCfg = Release|Any CPU
		{3D67704C-BB44-4772-9CA5-64038F9B4D05}.Release|x86.Build.0 = Release|Any CPU
		{883BADDB-027D-4D97-BD1F-76DD76B6EC74}.Debug|Any CPU.ActiveCfg = Debug|Any CPU
		{883BADDB-027D-4D97-BD1F-76DD76B6EC74}.Debug|Any CPU.Build.0 = Debug|Any CPU
		{883BADDB-027D-4D97-BD1F-76DD76B6EC74}.Debug|ARM.ActiveCfg = Debug|Any CPU
		{883BADDB-027D-4D97-BD1F-76DD76B6EC74}.Debug|ARM.Build.0 = Debug|Any CPU
		{883BADDB-027D-4D97-BD1F-76DD76B6EC74}.Debug|x64.ActiveCfg = Debug|Any CPU
		{883BADDB-027D-4D97-BD1F-76DD76B6EC74}.Debug|x64.Build.0 = Debug|Any CPU
		{883BADDB-027D-4D97-BD1F-76DD76B6EC74}.Debug|x86.ActiveCfg = Debug|Any CPU
		{883BADDB-027D-4D97-BD1F-76DD76B6EC74}.Debug|x86.Build.0 = Debug|Any CPU
		{883BADDB-027D-4D97-BD1F-76DD76B6EC74}.Release|Any CPU.ActiveCfg = Release|Any CPU
		{883BADDB-027D-4D97-BD1F-76DD76B6EC74}.Release|Any CPU.Build.0 = Release|Any CPU
		{883BADDB-027D-4D97-BD1F-76DD76B6EC74}.Release|ARM.ActiveCfg = Release|Any CPU
		{883BADDB-027D-4D97-BD1F-76DD76B6EC74}.Release|ARM.Build.0 = Release|Any CPU
		{883BADDB-027D-4D97-BD1F-76DD76B6EC74}.Release|x64.ActiveCfg = Release|Any CPU
		{883BADDB-027D-4D97-BD1F-76DD76B6EC74}.Release|x64.Build.0 = Release|Any CPU
		{883BADDB-027D-4D97-BD1F-76DD76B6EC74}.Release|x86.ActiveCfg = Release|Any CPU
		{883BADDB-027D-4D97-BD1F-76DD76B6EC74}.Release|x86.Build.0 = Release|Any CPU
		{D67ADE93-D3F8-4E7C-9746-BDAF3A44AF1E}.Debug|Any CPU.ActiveCfg = Debug|Any CPU
		{D67ADE93-D3F8-4E7C-9746-BDAF3A44AF1E}.Debug|Any CPU.Build.0 = Debug|Any CPU
		{D67ADE93-D3F8-4E7C-9746-BDAF3A44AF1E}.Debug|ARM.ActiveCfg = Debug|Any CPU
		{D67ADE93-D3F8-4E7C-9746-BDAF3A44AF1E}.Debug|ARM.Build.0 = Debug|Any CPU
		{D67ADE93-D3F8-4E7C-9746-BDAF3A44AF1E}.Debug|x64.ActiveCfg = Debug|Any CPU
		{D67ADE93-D3F8-4E7C-9746-BDAF3A44AF1E}.Debug|x64.Build.0 = Debug|Any CPU
		{D67ADE93-D3F8-4E7C-9746-BDAF3A44AF1E}.Debug|x86.ActiveCfg = Debug|Any CPU
		{D67ADE93-D3F8-4E7C-9746-BDAF3A44AF1E}.Debug|x86.Build.0 = Debug|Any CPU
		{D67ADE93-D3F8-4E7C-9746-BDAF3A44AF1E}.Release|Any CPU.ActiveCfg = Release|Any CPU
		{D67ADE93-D3F8-4E7C-9746-BDAF3A44AF1E}.Release|Any CPU.Build.0 = Release|Any CPU
		{D67ADE93-D3F8-4E7C-9746-BDAF3A44AF1E}.Release|ARM.ActiveCfg = Release|Any CPU
		{D67ADE93-D3F8-4E7C-9746-BDAF3A44AF1E}.Release|ARM.Build.0 = Release|Any CPU
		{D67ADE93-D3F8-4E7C-9746-BDAF3A44AF1E}.Release|x64.ActiveCfg = Release|Any CPU
		{D67ADE93-D3F8-4E7C-9746-BDAF3A44AF1E}.Release|x64.Build.0 = Release|Any CPU
		{D67ADE93-D3F8-4E7C-9746-BDAF3A44AF1E}.Release|x86.ActiveCfg = Release|Any CPU
		{D67ADE93-D3F8-4E7C-9746-BDAF3A44AF1E}.Release|x86.Build.0 = Release|Any CPU
		{389C27D8-F803-4DDE-A173-0AE0614519A6}.Debug|Any CPU.ActiveCfg = Debug|Any CPU
		{389C27D8-F803-4DDE-A173-0AE0614519A6}.Debug|Any CPU.Build.0 = Debug|Any CPU
		{389C27D8-F803-4DDE-A173-0AE0614519A6}.Debug|ARM.ActiveCfg = Debug|Any CPU
		{389C27D8-F803-4DDE-A173-0AE0614519A6}.Debug|ARM.Build.0 = Debug|Any CPU
		{389C27D8-F803-4DDE-A173-0AE0614519A6}.Debug|x64.ActiveCfg = Debug|Any CPU
		{389C27D8-F803-4DDE-A173-0AE0614519A6}.Debug|x64.Build.0 = Debug|Any CPU
		{389C27D8-F803-4DDE-A173-0AE0614519A6}.Debug|x86.ActiveCfg = Debug|Any CPU
		{389C27D8-F803-4DDE-A173-0AE0614519A6}.Debug|x86.Build.0 = Debug|Any CPU
		{389C27D8-F803-4DDE-A173-0AE0614519A6}.Release|Any CPU.ActiveCfg = Release|Any CPU
		{389C27D8-F803-4DDE-A173-0AE0614519A6}.Release|Any CPU.Build.0 = Release|Any CPU
		{389C27D8-F803-4DDE-A173-0AE0614519A6}.Release|ARM.ActiveCfg = Release|Any CPU
		{389C27D8-F803-4DDE-A173-0AE0614519A6}.Release|ARM.Build.0 = Release|Any CPU
		{389C27D8-F803-4DDE-A173-0AE0614519A6}.Release|x64.ActiveCfg = Release|Any CPU
		{389C27D8-F803-4DDE-A173-0AE0614519A6}.Release|x64.Build.0 = Release|Any CPU
		{389C27D8-F803-4DDE-A173-0AE0614519A6}.Release|x86.ActiveCfg = Release|Any CPU
		{389C27D8-F803-4DDE-A173-0AE0614519A6}.Release|x86.Build.0 = Release|Any CPU
		{778D4274-9AFE-4458-B639-65414924A05B}.Debug|Any CPU.ActiveCfg = Debug|Any CPU
		{778D4274-9AFE-4458-B639-65414924A05B}.Debug|Any CPU.Build.0 = Debug|Any CPU
		{778D4274-9AFE-4458-B639-65414924A05B}.Debug|ARM.ActiveCfg = Debug|Any CPU
		{778D4274-9AFE-4458-B639-65414924A05B}.Debug|ARM.Build.0 = Debug|Any CPU
		{778D4274-9AFE-4458-B639-65414924A05B}.Debug|x64.ActiveCfg = Debug|Any CPU
		{778D4274-9AFE-4458-B639-65414924A05B}.Debug|x64.Build.0 = Debug|Any CPU
		{778D4274-9AFE-4458-B639-65414924A05B}.Debug|x86.ActiveCfg = Debug|Any CPU
		{778D4274-9AFE-4458-B639-65414924A05B}.Debug|x86.Build.0 = Debug|Any CPU
		{778D4274-9AFE-4458-B639-65414924A05B}.Release|Any CPU.ActiveCfg = Release|Any CPU
		{778D4274-9AFE-4458-B639-65414924A05B}.Release|Any CPU.Build.0 = Release|Any CPU
		{778D4274-9AFE-4458-B639-65414924A05B}.Release|ARM.ActiveCfg = Release|Any CPU
		{778D4274-9AFE-4458-B639-65414924A05B}.Release|ARM.Build.0 = Release|Any CPU
		{778D4274-9AFE-4458-B639-65414924A05B}.Release|x64.ActiveCfg = Release|Any CPU
		{778D4274-9AFE-4458-B639-65414924A05B}.Release|x64.Build.0 = Release|Any CPU
		{778D4274-9AFE-4458-B639-65414924A05B}.Release|x86.ActiveCfg = Release|Any CPU
		{778D4274-9AFE-4458-B639-65414924A05B}.Release|x86.Build.0 = Release|Any CPU
		{FE56B59F-F90B-4C2F-AC0C-5A727D191AA2}.Debug|Any CPU.ActiveCfg = Debug|Any CPU
		{FE56B59F-F90B-4C2F-AC0C-5A727D191AA2}.Debug|Any CPU.Build.0 = Debug|Any CPU
		{FE56B59F-F90B-4C2F-AC0C-5A727D191AA2}.Debug|ARM.ActiveCfg = Debug|Any CPU
		{FE56B59F-F90B-4C2F-AC0C-5A727D191AA2}.Debug|ARM.Build.0 = Debug|Any CPU
		{FE56B59F-F90B-4C2F-AC0C-5A727D191AA2}.Debug|x64.ActiveCfg = Debug|Any CPU
		{FE56B59F-F90B-4C2F-AC0C-5A727D191AA2}.Debug|x64.Build.0 = Debug|Any CPU
		{FE56B59F-F90B-4C2F-AC0C-5A727D191AA2}.Debug|x86.ActiveCfg = Debug|Any CPU
		{FE56B59F-F90B-4C2F-AC0C-5A727D191AA2}.Debug|x86.Build.0 = Debug|Any CPU
		{FE56B59F-F90B-4C2F-AC0C-5A727D191AA2}.Release|Any CPU.ActiveCfg = Release|Any CPU
		{FE56B59F-F90B-4C2F-AC0C-5A727D191AA2}.Release|Any CPU.Build.0 = Release|Any CPU
		{FE56B59F-F90B-4C2F-AC0C-5A727D191AA2}.Release|ARM.ActiveCfg = Release|Any CPU
		{FE56B59F-F90B-4C2F-AC0C-5A727D191AA2}.Release|ARM.Build.0 = Release|Any CPU
		{FE56B59F-F90B-4C2F-AC0C-5A727D191AA2}.Release|x64.ActiveCfg = Release|Any CPU
		{FE56B59F-F90B-4C2F-AC0C-5A727D191AA2}.Release|x64.Build.0 = Release|Any CPU
		{FE56B59F-F90B-4C2F-AC0C-5A727D191AA2}.Release|x86.ActiveCfg = Release|Any CPU
		{FE56B59F-F90B-4C2F-AC0C-5A727D191AA2}.Release|x86.Build.0 = Release|Any CPU
		{D473AEC0-4136-4838-984F-946B589331CA}.Debug|Any CPU.ActiveCfg = Debug|Any CPU
		{D473AEC0-4136-4838-984F-946B589331CA}.Debug|Any CPU.Build.0 = Debug|Any CPU
		{D473AEC0-4136-4838-984F-946B589331CA}.Debug|ARM.ActiveCfg = Debug|Any CPU
		{D473AEC0-4136-4838-984F-946B589331CA}.Debug|ARM.Build.0 = Debug|Any CPU
		{D473AEC0-4136-4838-984F-946B589331CA}.Debug|x64.ActiveCfg = Debug|Any CPU
		{D473AEC0-4136-4838-984F-946B589331CA}.Debug|x64.Build.0 = Debug|Any CPU
		{D473AEC0-4136-4838-984F-946B589331CA}.Debug|x86.ActiveCfg = Debug|Any CPU
		{D473AEC0-4136-4838-984F-946B589331CA}.Debug|x86.Build.0 = Debug|Any CPU
		{D473AEC0-4136-4838-984F-946B589331CA}.Release|Any CPU.ActiveCfg = Release|Any CPU
		{D473AEC0-4136-4838-984F-946B589331CA}.Release|Any CPU.Build.0 = Release|Any CPU
		{D473AEC0-4136-4838-984F-946B589331CA}.Release|ARM.ActiveCfg = Release|Any CPU
		{D473AEC0-4136-4838-984F-946B589331CA}.Release|ARM.Build.0 = Release|Any CPU
		{D473AEC0-4136-4838-984F-946B589331CA}.Release|x64.ActiveCfg = Release|Any CPU
		{D473AEC0-4136-4838-984F-946B589331CA}.Release|x64.Build.0 = Release|Any CPU
		{D473AEC0-4136-4838-984F-946B589331CA}.Release|x86.ActiveCfg = Release|Any CPU
		{D473AEC0-4136-4838-984F-946B589331CA}.Release|x86.Build.0 = Release|Any CPU
	EndGlobalSection
	GlobalSection(SolutionProperties) = preSolution
		HideSolutionNode = FALSE
	EndGlobalSection
	GlobalSection(NestedProjects) = preSolution
		{94841F14-43DA-457D-8B49-1D6B609FC5E1} = {D0982B1A-57E9-4DFF-A419-238A12E1C235}
		{066B6C94-680A-457F-9A5B-D43BA12CCD8C} = {94841F14-43DA-457D-8B49-1D6B609FC5E1}
		{BF0F7279-C67A-4C18-88B3-20EE49C6424E} = {94841F14-43DA-457D-8B49-1D6B609FC5E1}
		{36A359B7-D465-42C5-8DDD-ED9B321B00ED} = {94841F14-43DA-457D-8B49-1D6B609FC5E1}
		{ECD3E9E3-163F-481D-99C2-312523D50146} = {94841F14-43DA-457D-8B49-1D6B609FC5E1}
		{5AED287D-6618-421D-AE85-95EF88CFFA8B} = {3BE54B30-A60A-4F44-8D96-F7489C48E263}
		{81A111FB-55F1-4A2F-AFE2-F4A30FC71A70} = {67F90D05-AB30-4DE6-9D18-613187F32A2C}
		{2F7C35E2-4172-4414-AC8E-B75F32A3B8FE} = {5AED287D-6618-421D-AE85-95EF88CFFA8B}
		{3D67704C-BB44-4772-9CA5-64038F9B4D05} = {5AED287D-6618-421D-AE85-95EF88CFFA8B}
		{883BADDB-027D-4D97-BD1F-76DD76B6EC74} = {5AED287D-6618-421D-AE85-95EF88CFFA8B}
		{D67ADE93-D3F8-4E7C-9746-BDAF3A44AF1E} = {67F90D05-AB30-4DE6-9D18-613187F32A2C}
		{66D7862A-2FFE-45A0-9AAE-CE965EF7AF12} = {3BE54B30-A60A-4F44-8D96-F7489C48E263}
		{389C27D8-F803-4DDE-A173-0AE0614519A6} = {66D7862A-2FFE-45A0-9AAE-CE965EF7AF12}
		{778D4274-9AFE-4458-B639-65414924A05B} = {66D7862A-2FFE-45A0-9AAE-CE965EF7AF12}
		{FE56B59F-F90B-4C2F-AC0C-5A727D191AA2} = {66D7862A-2FFE-45A0-9AAE-CE965EF7AF12}
		{D473AEC0-4136-4838-984F-946B589331CA} = {CCCF6B89-EBCB-49AE-A655-F59AED00D0C6}
	EndGlobalSection
	GlobalSection(ExtensibilityGlobals) = postSolution
		SolutionGuid = {5C1D4BD0-5DCB-432F-B506-78138F0554B9}
	EndGlobalSection
EndGlobal
